<?xml version="1.0" encoding="utf-8"?>
<Project ToolsVersion="4.0" xmlns="http://schemas.microsoft.com/developer/msbuild/2003">
  <ItemGroup>
<<<<<<< HEAD
    <ClCompile Include="Engine\RiDGame.cpp" />
=======
>>>>>>> parent of 83b0627... Merge branch 'master' into mapPart
    <ClCompile Include="main.cpp" />
    <ClCompile Include="Engine\Animation.cpp">
      <Filter>aaareal time game\Graphics</Filter>
    </ClCompile>
    <ClCompile Include="Engine\AssetManager.cpp">
      <Filter>Graphics</Filter>
    </ClCompile>
    <ClCompile Include="Engine\Movement.cpp">
      <Filter>aaareal time game\RealTimeBattle</Filter>
    </ClCompile>
    <ClCompile Include="Battle\RealTimeBattle.cpp">
      <Filter>RealTimeBattle</Filter>
    </ClCompile>
    <ClCompile Include="Engine\MenuState.cpp">
      <Filter>States</Filter>
    </ClCompile>
    <ClCompile Include="Engine\State.cpp">
      <Filter>States</Filter>
    </ClCompile>
    <ClCompile Include="Engine\StateMachine.cpp">
      <Filter>States</Filter>
    </ClCompile>
    <ClCompile Include="Map\TileMap.cpp">
      <Filter>Map</Filter>
    </ClCompile>
  </ItemGroup>
  <ItemGroup>
<<<<<<< HEAD
    <ClInclude Include="Engine\RiDGame.h" />
=======
    <ClInclude Include="Engine\Animation.h">
      <Filter>aaareal time game\Graphics</Filter>
    </ClInclude>
>>>>>>> parent of 83b0627... Merge branch 'master' into mapPart
    <ClInclude Include="Engine\AssetManager.h">
      <Filter>Graphics</Filter>
    </ClInclude>
<<<<<<< HEAD
=======
    <ClInclude Include="Engine\Movement.h">
      <Filter>aaareal time game\RealTimeBattle</Filter>
    </ClInclude>
>>>>>>> parent of 83b0627... Merge branch 'master' into mapPart
    <ClInclude Include="Battle\RealTimeBattle.h">
      <Filter>RealTimeBattle</Filter>
    </ClInclude>
    <ClInclude Include="Engine\MenuState.h">
      <Filter>States</Filter>
    </ClInclude>
    <ClInclude Include="Engine\State.h">
      <Filter>States</Filter>
    </ClInclude>
    <ClInclude Include="Engine\StateMachine.h">
      <Filter>States</Filter>
    </ClInclude>
    <ClInclude Include="Map\TileMap.h">
      <Filter>Map</Filter>
    </ClInclude>
  </ItemGroup>
  <ItemGroup>
    <Filter Include="Graphics">
      <UniqueIdentifier>{7bbe2dbb-b8a1-4384-b29d-731b1e455d25}</UniqueIdentifier>
    </Filter>
    <Filter Include="RealTimeBattle">
      <UniqueIdentifier>{527538d0-5527-4348-a93d-2e9a31ab96c9}</UniqueIdentifier>
    </Filter>
    <Filter Include="States">
      <UniqueIdentifier>{b363b1b8-09fc-417a-9167-625c7e1e65bc}</UniqueIdentifier>
    </Filter>
    <Filter Include="Map">
      <UniqueIdentifier>{451275a9-f84e-44ad-92be-416a8cc5041e}</UniqueIdentifier>
    </Filter>
<<<<<<< HEAD
    <Filter Include="RealTimeBattle\Hitboxes">
      <UniqueIdentifier>{2b87ce3b-17c5-4e70-9b3e-5e1ce07367de}</UniqueIdentifier>
=======
    <Filter Include="aaareal time game\Graphics">
      <UniqueIdentifier>{7bbe2dbb-b8a1-4384-b29d-731b1e455d25}</UniqueIdentifier>
    </Filter>
    <Filter Include="OBIECT\GUI">
      <UniqueIdentifier>{b31011f7-b679-428f-8242-a4e2d0d65396}</UniqueIdentifier>
>>>>>>> parent of 83b0627... Merge branch 'master' into mapPart
    </Filter>
    <Filter Include="OBIECT\ITEMS">
      <UniqueIdentifier>{8e1c16ad-1742-47a1-993d-c901e392a4d9}</UniqueIdentifier>
    </Filter>
    <Filter Include="MANAGERS, HEAD CLASS\DRAW">
      <UniqueIdentifier>{8f681cd1-4e9c-428e-925e-27c4a42d1d9d}</UniqueIdentifier>
    </Filter>
    <Filter Include="MANAGERS, HEAD CLASS\CALCULATE">
      <UniqueIdentifier>{7249e363-bd01-4d19-99d6-1cc76ffa5ff4}</UniqueIdentifier>
    </Filter>
    <Filter Include="MANAGERS, HEAD CLASS\MANAGE OBIECT">
      <UniqueIdentifier>{9c0641ae-1878-4958-89dc-0e0814d601af}</UniqueIdentifier>
    </Filter>
    <Filter Include="MANAGERS, HEAD CLASS\MANAGE TASK">
      <UniqueIdentifier>{624f1dfe-d450-4c4c-b1d6-0e7ab57aa4e2}</UniqueIdentifier>
    </Filter>
    <Filter Include="Sound">
      <UniqueIdentifier>{67823770-71ab-4c02-97a1-4fc64be8e915}</UniqueIdentifier>
    </Filter>
<<<<<<< HEAD
    <Filter Include="Other">
      <UniqueIdentifier>{47a51bb7-4f55-490b-9acc-2592c74c84d7}</UniqueIdentifier>
=======
    <Filter Include="MISSION">
      <UniqueIdentifier>{78a04c37-167b-4b87-b46e-2c3e4e77dde9}</UniqueIdentifier>
>>>>>>> parent of 83b0627... Merge branch 'master' into mapPart
    </Filter>
  </ItemGroup>
</Project>